// !$*UTF8*$!
{
	archiveVersion = 1;
	classes = {
	};
	objectVersion = 48;
	objects = {

/* Begin PBXBuildFile section */
		0A8AA8DF2043AFCA00B3992D /* BPProtocolNode.swift in Sources */ = {isa = PBXBuildFile; fileRef = 0A8AA8DE2043AFCA00B3992D /* BPProtocolNode.swift */; };
		0A8AA8E12043B10D00B3992D /* Lexer.swift in Sources */ = {isa = PBXBuildFile; fileRef = 0A8AA8E02043B10D00B3992D /* Lexer.swift */; };
		0A8AA8E32043B15300B3992D /* Token.swift in Sources */ = {isa = PBXBuildFile; fileRef = 0A8AA8E22043B15300B3992D /* Token.swift */; };
		0A8AA8E52043B41700B3992D /* OCInterfaceParser.swift in Sources */ = {isa = PBXBuildFile; fileRef = 0A8AA8E42043B41700B3992D /* OCInterfaceParser.swift */; };
		0A8AA8E72043B44600B3992D /* Parser.swift in Sources */ = {isa = PBXBuildFile; fileRef = 0A8AA8E62043B44600B3992D /* Parser.swift */; };
		0A8AA8EA2043B88B00B3992D /* Functor.swift in Sources */ = {isa = PBXBuildFile; fileRef = 0A8AA8E92043B88B00B3992D /* Functor.swift */; };
		0A8AA8EC2043B8F600B3992D /* Alternative.swift in Sources */ = {isa = PBXBuildFile; fileRef = 0A8AA8EB2043B8F600B3992D /* Alternative.swift */; };
		0A8AA8EE2043B90D00B3992D /* Applicative.swift in Sources */ = {isa = PBXBuildFile; fileRef = 0A8AA8ED2043B90D00B3992D /* Applicative.swift */; };
		0A8AA8F02043B92600B3992D /* Monad.swift in Sources */ = {isa = PBXBuildFile; fileRef = 0A8AA8EF2043B92600B3992D /* Monad.swift */; };
		0A8AA8F22043B93C00B3992D /* Extensions.swift in Sources */ = {isa = PBXBuildFile; fileRef = 0A8AA8F12043B93C00B3992D /* Extensions.swift */; };
		0A8AA8F42043B9E800B3992D /* Operator.swift in Sources */ = {isa = PBXBuildFile; fileRef = 0A8AA8F32043B9E800B3992D /* Operator.swift */; };
		0A8AA8F82043BCD300B3992D /* ParserResult.swift in Sources */ = {isa = PBXBuildFile; fileRef = 0A8AA8F72043BCD300B3992D /* ParserResult.swift */; };
		0A8AA8FE2044036900B3992D /* SwiftInheritParser.swift in Sources */ = {isa = PBXBuildFile; fileRef = 0A8AA8FD2044036900B3992D /* SwiftInheritParser.swift */; };
		0A8AA9002044040400B3992D /* SwiftProtocolParser.swift in Sources */ = {isa = PBXBuildFile; fileRef = 0A8AA8FF2044040400B3992D /* SwiftProtocolParser.swift */; };
		0A8AA9022044041C00B3992D /* SwiftClassParser.swift in Sources */ = {isa = PBXBuildFile; fileRef = 0A8AA9012044041C00B3992D /* SwiftClassParser.swift */; };
		0A8AA9042044071000B3992D /* Extension.swift in Sources */ = {isa = PBXBuildFile; fileRef = 0A8AA9032044071000B3992D /* Extension.swift */; };
		0A8AA9062044076E00B3992D /* GraphMaker.swift in Sources */ = {isa = PBXBuildFile; fileRef = 0A8AA9052044076E00B3992D /* GraphMaker.swift */; };
		0A8AA9082044094900B3992D /* GoMaker.swift in Sources */ = {isa = PBXBuildFile; fileRef = 0A8AA9072044094900B3992D /* GoMaker.swift */; };
		D1D1703C69B38910BD019986 /* Pods_blueProbe.framework in Frameworks */ = {isa = PBXBuildFile; fileRef = 5205171484A6EABD3A786616 /* Pods_blueProbe.framework */; };
		E645EE152057C88B0049C2D0 /* BPSettingCenter.swift in Sources */ = {isa = PBXBuildFile; fileRef = E645EE142057C88B0049C2D0 /* BPSettingCenter.swift */; };
		E645EE1920580FAF0049C2D0 /* pencil_write.json in Resources */ = {isa = PBXBuildFile; fileRef = E645EE1820580FAF0049C2D0 /* pencil_write.json */; };
		E645EE1F205904A70049C2D0 /* material_wave_loading.json in Resources */ = {isa = PBXBuildFile; fileRef = E645EE1D205904A70049C2D0 /* material_wave_loading.json */; };
		E645EE20205904A70049C2D0 /* checked_done_.json in Resources */ = {isa = PBXBuildFile; fileRef = E645EE1E205904A70049C2D0 /* checked_done_.json */; };
		E65EB9C32041599B0080578D /* probeGo.swift in Sources */ = {isa = PBXBuildFile; fileRef = E65EB9C22041599B0080578D /* probeGo.swift */; };
		E65EB9C5204167170080578D /* ParserType.swift in Sources */ = {isa = PBXBuildFile; fileRef = E65EB9C4204167170080578D /* ParserType.swift */; };
		E65EB9C7204167380080578D /* BPClassNode.swift in Sources */ = {isa = PBXBuildFile; fileRef = E65EB9C6204167380080578D /* BPClassNode.swift */; };
		E6CF0E20201A27C20009A17C /* AppDelegate.swift in Sources */ = {isa = PBXBuildFile; fileRef = E6CF0E1F201A27C20009A17C /* AppDelegate.swift */; };
		E6CF0E22201A27C20009A17C /* Assets.xcassets in Resources */ = {isa = PBXBuildFile; fileRef = E6CF0E21201A27C20009A17C /* Assets.xcassets */; };
		E6CF0E25201A27C20009A17C /* MainMenu.xib in Resources */ = {isa = PBXBuildFile; fileRef = E6CF0E23201A27C20009A17C /* MainMenu.xib */; };
		E6CF0E2F201AAC050009A17C /* MainWC.swift in Sources */ = {isa = PBXBuildFile; fileRef = E6CF0E2D201AAC050009A17C /* MainWC.swift */; };
		E6CF0E30201AAC050009A17C /* MainWC.xib in Resources */ = {isa = PBXBuildFile; fileRef = E6CF0E2E201AAC050009A17C /* MainWC.xib */; };
/* End PBXBuildFile section */

/* Begin PBXFileReference section */
		0A8AA8DE2043AFCA00B3992D /* BPProtocolNode.swift */ = {isa = PBXFileReference; lastKnownFileType = sourcecode.swift; path = BPProtocolNode.swift; sourceTree = "<group>"; };
		0A8AA8E02043B10D00B3992D /* Lexer.swift */ = {isa = PBXFileReference; lastKnownFileType = sourcecode.swift; path = Lexer.swift; sourceTree = "<group>"; };
		0A8AA8E22043B15300B3992D /* Token.swift */ = {isa = PBXFileReference; lastKnownFileType = sourcecode.swift; path = Token.swift; sourceTree = "<group>"; };
		0A8AA8E42043B41700B3992D /* OCInterfaceParser.swift */ = {isa = PBXFileReference; lastKnownFileType = sourcecode.swift; path = OCInterfaceParser.swift; sourceTree = "<group>"; };
		0A8AA8E62043B44600B3992D /* Parser.swift */ = {isa = PBXFileReference; lastKnownFileType = sourcecode.swift; path = Parser.swift; sourceTree = "<group>"; };
		0A8AA8E92043B88B00B3992D /* Functor.swift */ = {isa = PBXFileReference; lastKnownFileType = sourcecode.swift; path = Functor.swift; sourceTree = "<group>"; };
		0A8AA8EB2043B8F600B3992D /* Alternative.swift */ = {isa = PBXFileReference; lastKnownFileType = sourcecode.swift; path = Alternative.swift; sourceTree = "<group>"; };
		0A8AA8ED2043B90D00B3992D /* Applicative.swift */ = {isa = PBXFileReference; lastKnownFileType = sourcecode.swift; path = Applicative.swift; sourceTree = "<group>"; };
		0A8AA8EF2043B92600B3992D /* Monad.swift */ = {isa = PBXFileReference; lastKnownFileType = sourcecode.swift; path = Monad.swift; sourceTree = "<group>"; };
		0A8AA8F12043B93C00B3992D /* Extensions.swift */ = {isa = PBXFileReference; lastKnownFileType = sourcecode.swift; path = Extensions.swift; sourceTree = "<group>"; };
		0A8AA8F32043B9E800B3992D /* Operator.swift */ = {isa = PBXFileReference; lastKnownFileType = sourcecode.swift; path = Operator.swift; sourceTree = "<group>"; };
		0A8AA8F72043BCD300B3992D /* ParserResult.swift */ = {isa = PBXFileReference; lastKnownFileType = sourcecode.swift; path = ParserResult.swift; sourceTree = "<group>"; };
		0A8AA8FD2044036900B3992D /* SwiftInheritParser.swift */ = {isa = PBXFileReference; lastKnownFileType = sourcecode.swift; path = SwiftInheritParser.swift; sourceTree = "<group>"; };
		0A8AA8FF2044040400B3992D /* SwiftProtocolParser.swift */ = {isa = PBXFileReference; lastKnownFileType = sourcecode.swift; path = SwiftProtocolParser.swift; sourceTree = "<group>"; };
		0A8AA9012044041C00B3992D /* SwiftClassParser.swift */ = {isa = PBXFileReference; lastKnownFileType = sourcecode.swift; path = SwiftClassParser.swift; sourceTree = "<group>"; };
		0A8AA9032044071000B3992D /* Extension.swift */ = {isa = PBXFileReference; lastKnownFileType = sourcecode.swift; path = Extension.swift; sourceTree = "<group>"; };
		0A8AA9052044076E00B3992D /* GraphMaker.swift */ = {isa = PBXFileReference; lastKnownFileType = sourcecode.swift; path = GraphMaker.swift; sourceTree = "<group>"; };
		0A8AA9072044094900B3992D /* GoMaker.swift */ = {isa = PBXFileReference; lastKnownFileType = sourcecode.swift; path = GoMaker.swift; sourceTree = "<group>"; };
		347E3AB13CDE306918264F0F /* Pods-blueProbe.release.xcconfig */ = {isa = PBXFileReference; includeInIndex = 1; lastKnownFileType = text.xcconfig; name = "Pods-blueProbe.release.xcconfig"; path = "Pods/Target Support Files/Pods-blueProbe/Pods-blueProbe.release.xcconfig"; sourceTree = "<group>"; };
		5205171484A6EABD3A786616 /* Pods_blueProbe.framework */ = {isa = PBXFileReference; explicitFileType = wrapper.framework; includeInIndex = 0; path = Pods_blueProbe.framework; sourceTree = BUILT_PRODUCTS_DIR; };
		B972E6E13F4A54426991312D /* Pods-blueProbe.debug.xcconfig */ = {isa = PBXFileReference; includeInIndex = 1; lastKnownFileType = text.xcconfig; name = "Pods-blueProbe.debug.xcconfig"; path = "Pods/Target Support Files/Pods-blueProbe/Pods-blueProbe.debug.xcconfig"; sourceTree = "<group>"; };
		E645EE142057C88B0049C2D0 /* BPSettingCenter.swift */ = {isa = PBXFileReference; lastKnownFileType = sourcecode.swift; path = BPSettingCenter.swift; sourceTree = "<group>"; };
		E645EE1820580FAF0049C2D0 /* pencil_write.json */ = {isa = PBXFileReference; fileEncoding = 4; lastKnownFileType = text.json; path = pencil_write.json; sourceTree = "<group>"; };
		E645EE1D205904A70049C2D0 /* material_wave_loading.json */ = {isa = PBXFileReference; fileEncoding = 4; lastKnownFileType = text.json; path = material_wave_loading.json; sourceTree = "<group>"; };
		E645EE1E205904A70049C2D0 /* checked_done_.json */ = {isa = PBXFileReference; fileEncoding = 4; lastKnownFileType = text.json; path = checked_done_.json; sourceTree = "<group>"; };
		E65EB9C22041599B0080578D /* probeGo.swift */ = {isa = PBXFileReference; lastKnownFileType = sourcecode.swift; path = probeGo.swift; sourceTree = "<group>"; };
		E65EB9C4204167170080578D /* ParserType.swift */ = {isa = PBXFileReference; lastKnownFileType = sourcecode.swift; path = ParserType.swift; sourceTree = "<group>"; };
		E65EB9C6204167380080578D /* BPClassNode.swift */ = {isa = PBXFileReference; lastKnownFileType = sourcecode.swift; path = BPClassNode.swift; sourceTree = "<group>"; };
		E6CF0E1C201A27C20009A17C /* blueProbe.app */ = {isa = PBXFileReference; explicitFileType = wrapper.application; includeInIndex = 0; path = blueProbe.app; sourceTree = BUILT_PRODUCTS_DIR; };
		E6CF0E1F201A27C20009A17C /* AppDelegate.swift */ = {isa = PBXFileReference; lastKnownFileType = sourcecode.swift; path = AppDelegate.swift; sourceTree = "<group>"; };
		E6CF0E21201A27C20009A17C /* Assets.xcassets */ = {isa = PBXFileReference; lastKnownFileType = folder.assetcatalog; path = Assets.xcassets; sourceTree = "<group>"; };
		E6CF0E24201A27C20009A17C /* Base */ = {isa = PBXFileReference; lastKnownFileType = file.xib; name = Base; path = Base.lproj/MainMenu.xib; sourceTree = "<group>"; };
		E6CF0E26201A27C20009A17C /* Info.plist */ = {isa = PBXFileReference; lastKnownFileType = text.plist.xml; path = Info.plist; sourceTree = "<group>"; };
		E6CF0E27201A27C20009A17C /* blueProbe.entitlements */ = {isa = PBXFileReference; lastKnownFileType = text.plist.entitlements; path = blueProbe.entitlements; sourceTree = "<group>"; };
		E6CF0E2D201AAC050009A17C /* MainWC.swift */ = {isa = PBXFileReference; lastKnownFileType = sourcecode.swift; path = MainWC.swift; sourceTree = "<group>"; };
		E6CF0E2E201AAC050009A17C /* MainWC.xib */ = {isa = PBXFileReference; lastKnownFileType = file.xib; path = MainWC.xib; sourceTree = "<group>"; };
/* End PBXFileReference section */

/* Begin PBXFrameworksBuildPhase section */
		E6CF0E19201A27C20009A17C /* Frameworks */ = {
			isa = PBXFrameworksBuildPhase;
			buildActionMask = 2147483647;
			files = (
				D1D1703C69B38910BD019986 /* Pods_blueProbe.framework in Frameworks */,
			);
			runOnlyForDeploymentPostprocessing = 0;
		};
/* End PBXFrameworksBuildPhase section */

/* Begin PBXGroup section */
		0A8AA8E82043B87C00B3992D /* Combinator */ = {
			isa = PBXGroup;
			children = (
				0A8AA8E92043B88B00B3992D /* Functor.swift */,
				0A8AA8EB2043B8F600B3992D /* Alternative.swift */,
				0A8AA8ED2043B90D00B3992D /* Applicative.swift */,
				0A8AA8EF2043B92600B3992D /* Monad.swift */,
				0A8AA8F12043B93C00B3992D /* Extensions.swift */,
				0A8AA8F32043B9E800B3992D /* Operator.swift */,
			);
			path = Combinator;
			sourceTree = "<group>";
		};
		0A8AA8FB204402E500B3992D /* Objc */ = {
			isa = PBXGroup;
			children = (
				E65EB9C6204167380080578D /* BPClassNode.swift */,
				0A8AA8DE2043AFCA00B3992D /* BPProtocolNode.swift */,
			);
			path = Objc;
			sourceTree = "<group>";
		};
		0A8AA8FC204402F200B3992D /* Swift */ = {
			isa = PBXGroup;
			children = (
				0A8AA8FD2044036900B3992D /* SwiftInheritParser.swift */,
				0A8AA8FF2044040400B3992D /* SwiftProtocolParser.swift */,
				0A8AA9012044041C00B3992D /* SwiftClassParser.swift */,
			);
			path = Swift;
			sourceTree = "<group>";
		};
		0A8AA90920440B3900B3992D /* bpGo */ = {
			isa = PBXGroup;
			children = (
				E65EB9C22041599B0080578D /* probeGo.swift */,
				E65EB9C4204167170080578D /* ParserType.swift */,
				0A8AA8E02043B10D00B3992D /* Lexer.swift */,
				0A8AA8E22043B15300B3992D /* Token.swift */,
				0A8AA8E62043B44600B3992D /* Parser.swift */,
				0A8AA8E42043B41700B3992D /* OCInterfaceParser.swift */,
				0A8AA8F72043BCD300B3992D /* ParserResult.swift */,
				0A8AA9032044071000B3992D /* Extension.swift */,
				0A8AA9052044076E00B3992D /* GraphMaker.swift */,
				0A8AA9072044094900B3992D /* GoMaker.swift */,
				E645EE142057C88B0049C2D0 /* BPSettingCenter.swift */,
			);
			path = bpGo;
			sourceTree = "<group>";
		};
		61B0810C338E6A5E47D71791 /* Pods */ = {
			isa = PBXGroup;
			children = (
				B972E6E13F4A54426991312D /* Pods-blueProbe.debug.xcconfig */,
				347E3AB13CDE306918264F0F /* Pods-blueProbe.release.xcconfig */,
			);
			name = Pods;
			sourceTree = "<group>";
		};
		DC15565C09D6FF9F66B5521B /* Frameworks */ = {
			isa = PBXGroup;
			children = (
				5205171484A6EABD3A786616 /* Pods_blueProbe.framework */,
			);
			name = Frameworks;
			sourceTree = "<group>";
		};
		E645EE1C2059046A0049C2D0 /* AniFiles */ = {
			isa = PBXGroup;
			children = (
				E645EE1E205904A70049C2D0 /* checked_done_.json */,
				E645EE1D205904A70049C2D0 /* material_wave_loading.json */,
				E645EE1820580FAF0049C2D0 /* pencil_write.json */,
			);
			path = AniFiles;
			sourceTree = "<group>";
		};
		E6CF0E13201A27C20009A17C = {
			isa = PBXGroup;
			children = (
				E6CF0E1E201A27C20009A17C /* blueProbe */,
				E6CF0E1D201A27C20009A17C /* Products */,
				61B0810C338E6A5E47D71791 /* Pods */,
				DC15565C09D6FF9F66B5521B /* Frameworks */,
			);
			sourceTree = "<group>";
		};
		E6CF0E1D201A27C20009A17C /* Products */ = {
			isa = PBXGroup;
			children = (
				E6CF0E1C201A27C20009A17C /* blueProbe.app */,
			);
			name = Products;
			sourceTree = "<group>";
		};
		E6CF0E1E201A27C20009A17C /* blueProbe */ = {
			isa = PBXGroup;
			children = (
				E645EE1C2059046A0049C2D0 /* AniFiles */,
				0A8AA90920440B3900B3992D /* bpGo */,
				0A8AA8FC204402F200B3992D /* Swift */,
				0A8AA8FB204402E500B3992D /* Objc */,
				0A8AA8E82043B87C00B3992D /* Combinator */,
				E6CF0E1F201A27C20009A17C /* AppDelegate.swift */,
				E6CF0E2D201AAC050009A17C /* MainWC.swift */,
				E6CF0E2E201AAC050009A17C /* MainWC.xib */,
				E6CF0E21201A27C20009A17C /* Assets.xcassets */,
				E6CF0E23201A27C20009A17C /* MainMenu.xib */,
				E6CF0E26201A27C20009A17C /* Info.plist */,
				E6CF0E27201A27C20009A17C /* blueProbe.entitlements */,
			);
			path = blueProbe;
			sourceTree = "<group>";
		};
/* End PBXGroup section */

/* Begin PBXNativeTarget section */
		E6CF0E1B201A27C20009A17C /* blueProbe */ = {
			isa = PBXNativeTarget;
			buildConfigurationList = E6CF0E2A201A27C20009A17C /* Build configuration list for PBXNativeTarget "blueProbe" */;
			buildPhases = (
				F44D2B28694C00E43C97D3B8 /* [CP] Check Pods Manifest.lock */,
				E6CF0E18201A27C20009A17C /* Sources */,
				E6CF0E19201A27C20009A17C /* Frameworks */,
				E6CF0E1A201A27C20009A17C /* Resources */,
				D8135F30AB27C09B75852211 /* [CP] Embed Pods Frameworks */,
				F0FEC1F23EEF62FA4CCC44BF /* [CP] Copy Pods Resources */,
			);
			buildRules = (
			);
			dependencies = (
			);
			name = blueProbe;
			productName = blueProbe;
			productReference = E6CF0E1C201A27C20009A17C /* blueProbe.app */;
			productType = "com.apple.product-type.application";
		};
/* End PBXNativeTarget section */

/* Begin PBXProject section */
		E6CF0E14201A27C20009A17C /* Project object */ = {
			isa = PBXProject;
			attributes = {
				LastSwiftUpdateCheck = 0920;
				LastUpgradeCheck = 0920;
				ORGANIZATIONNAME = biubiublue;
				TargetAttributes = {
					E6CF0E1B201A27C20009A17C = {
						CreatedOnToolsVersion = 9.2;
						ProvisioningStyle = Automatic;
					};
				};
			};
			buildConfigurationList = E6CF0E17201A27C20009A17C /* Build configuration list for PBXProject "blueProbe" */;
			compatibilityVersion = "Xcode 8.0";
			developmentRegion = en;
			hasScannedForEncodings = 0;
			knownRegions = (
				en,
				Base,
			);
			mainGroup = E6CF0E13201A27C20009A17C;
			productRefGroup = E6CF0E1D201A27C20009A17C /* Products */;
			projectDirPath = "";
			projectRoot = "";
			targets = (
				E6CF0E1B201A27C20009A17C /* blueProbe */,
			);
		};
/* End PBXProject section */

/* Begin PBXResourcesBuildPhase section */
		E6CF0E1A201A27C20009A17C /* Resources */ = {
			isa = PBXResourcesBuildPhase;
			buildActionMask = 2147483647;
			files = (
				E645EE1F205904A70049C2D0 /* material_wave_loading.json in Resources */,
				E6CF0E22201A27C20009A17C /* Assets.xcassets in Resources */,
				E6CF0E30201AAC050009A17C /* MainWC.xib in Resources */,
				E645EE1920580FAF0049C2D0 /* pencil_write.json in Resources */,
				E6CF0E25201A27C20009A17C /* MainMenu.xib in Resources */,
				E645EE20205904A70049C2D0 /* checked_done_.json in Resources */,
			);
			runOnlyForDeploymentPostprocessing = 0;
		};
/* End PBXResourcesBuildPhase section */

/* Begin PBXShellScriptBuildPhase section */
		D8135F30AB27C09B75852211 /* [CP] Embed Pods Frameworks */ = {
			isa = PBXShellScriptBuildPhase;
			buildActionMask = 2147483647;
			files = (
			);
			inputPaths = (
				"${SRCROOT}/Pods/Target Support Files/Pods-blueProbe/Pods-blueProbe-frameworks.sh",
				"${BUILT_PRODUCTS_DIR}/Curry/Curry.framework",
				"${BUILT_PRODUCTS_DIR}/Runes/Runes.framework",
			);
			name = "[CP] Embed Pods Frameworks";
			outputPaths = (
				"${TARGET_BUILD_DIR}/${FRAMEWORKS_FOLDER_PATH}/Curry.framework",
				"${TARGET_BUILD_DIR}/${FRAMEWORKS_FOLDER_PATH}/Runes.framework",
			);
			runOnlyForDeploymentPostprocessing = 0;
			shellPath = /bin/sh;
			shellScript = "\"${SRCROOT}/Pods/Target Support Files/Pods-blueProbe/Pods-blueProbe-frameworks.sh\"\n";
			showEnvVarsInLog = 0;
		};
		F0FEC1F23EEF62FA4CCC44BF /* [CP] Copy Pods Resources */ = {
			isa = PBXShellScriptBuildPhase;
			buildActionMask = 2147483647;
			files = (
			);
			inputPaths = (
			);
			name = "[CP] Copy Pods Resources";
			outputPaths = (
			);
			runOnlyForDeploymentPostprocessing = 0;
			shellPath = /bin/sh;
			shellScript = "\"${SRCROOT}/Pods/Target Support Files/Pods-blueProbe/Pods-blueProbe-resources.sh\"\n";
			showEnvVarsInLog = 0;
		};
		F44D2B28694C00E43C97D3B8 /* [CP] Check Pods Manifest.lock */ = {
			isa = PBXShellScriptBuildPhase;
			buildActionMask = 2147483647;
			files = (
			);
			inputPaths = (
				"${PODS_PODFILE_DIR_PATH}/Podfile.lock",
				"${PODS_ROOT}/Manifest.lock",
			);
			name = "[CP] Check Pods Manifest.lock";
			outputPaths = (
				"$(DERIVED_FILE_DIR)/Pods-blueProbe-checkManifestLockResult.txt",
			);
			runOnlyForDeploymentPostprocessing = 0;
			shellPath = /bin/sh;
			shellScript = "diff \"${PODS_PODFILE_DIR_PATH}/Podfile.lock\" \"${PODS_ROOT}/Manifest.lock\" > /dev/null\nif [ $? != 0 ] ; then\n    # print error to STDERR\n    echo \"error: The sandbox is not in sync with the Podfile.lock. Run 'pod install' or update your CocoaPods installation.\" >&2\n    exit 1\nfi\n";
			showEnvVarsInLog = 0;
		};
/* End PBXShellScriptBuildPhase section */

/* Begin PBXSourcesBuildPhase section */
		E6CF0E18201A27C20009A17C /* Sources */ = {
			isa = PBXSourcesBuildPhase;
			buildActionMask = 2147483647;
			files = (
				0A8AA9082044094900B3992D /* GoMaker.swift in Sources */,
				E65EB9C32041599B0080578D /* probeGo.swift in Sources */,
				0A8AA9022044041C00B3992D /* SwiftClassParser.swift in Sources */,
				0A8AA8E52043B41700B3992D /* OCInterfaceParser.swift in Sources */,
				0A8AA8E72043B44600B3992D /* Parser.swift in Sources */,
				0A8AA8F82043BCD300B3992D /* ParserResult.swift in Sources */,
				0A8AA8EE2043B90D00B3992D /* Applicative.swift in Sources */,
				0A8AA8E12043B10D00B3992D /* Lexer.swift in Sources */,
				0A8AA9062044076E00B3992D /* GraphMaker.swift in Sources */,
				0A8AA8F42043B9E800B3992D /* Operator.swift in Sources */,
				0A8AA9002044040400B3992D /* SwiftProtocolParser.swift in Sources */,
				0A8AA9042044071000B3992D /* Extension.swift in Sources */,
				E6CF0E2F201AAC050009A17C /* MainWC.swift in Sources */,
				0A8AA8FE2044036900B3992D /* SwiftInheritParser.swift in Sources */,
				E65EB9C5204167170080578D /* ParserType.swift in Sources */,
				E6CF0E20201A27C20009A17C /* AppDelegate.swift in Sources */,
				0A8AA8EC2043B8F600B3992D /* Alternative.swift in Sources */,
				E645EE152057C88B0049C2D0 /* BPSettingCenter.swift in Sources */,
				0A8AA8EA2043B88B00B3992D /* Functor.swift in Sources */,
				0A8AA8F22043B93C00B3992D /* Extensions.swift in Sources */,
				E65EB9C7204167380080578D /* BPClassNode.swift in Sources */,
				0A8AA8DF2043AFCA00B3992D /* BPProtocolNode.swift in Sources */,
				0A8AA8E32043B15300B3992D /* Token.swift in Sources */,
				0A8AA8F02043B92600B3992D /* Monad.swift in Sources */,
			);
			runOnlyForDeploymentPostprocessing = 0;
		};
/* End PBXSourcesBuildPhase section */

/* Begin PBXVariantGroup section */
		E6CF0E23201A27C20009A17C /* MainMenu.xib */ = {
			isa = PBXVariantGroup;
			children = (
				E6CF0E24201A27C20009A17C /* Base */,
			);
			name = MainMenu.xib;
			sourceTree = "<group>";
		};
/* End PBXVariantGroup section */

/* Begin XCBuildConfiguration section */
		E6CF0E28201A27C20009A17C /* Debug */ = {
			isa = XCBuildConfiguration;
			buildSettings = {
				ALWAYS_SEARCH_USER_PATHS = NO;
				CLANG_ANALYZER_NONNULL = YES;
				CLANG_ANALYZER_NUMBER_OBJECT_CONVERSION = YES_AGGRESSIVE;
				CLANG_CXX_LANGUAGE_STANDARD = "gnu++14";
				CLANG_CXX_LIBRARY = "libc++";
				CLANG_ENABLE_MODULES = YES;
				CLANG_ENABLE_OBJC_ARC = YES;
				CLANG_WARN_BLOCK_CAPTURE_AUTORELEASING = YES;
				CLANG_WARN_BOOL_CONVERSION = YES;
				CLANG_WARN_COMMA = YES;
				CLANG_WARN_CONSTANT_CONVERSION = YES;
				CLANG_WARN_DIRECT_OBJC_ISA_USAGE = YES_ERROR;
				CLANG_WARN_DOCUMENTATION_COMMENTS = YES;
				CLANG_WARN_EMPTY_BODY = YES;
				CLANG_WARN_ENUM_CONVERSION = YES;
				CLANG_WARN_INFINITE_RECURSION = YES;
				CLANG_WARN_INT_CONVERSION = YES;
				CLANG_WARN_NON_LITERAL_NULL_CONVERSION = YES;
				CLANG_WARN_OBJC_LITERAL_CONVERSION = YES;
				CLANG_WARN_OBJC_ROOT_CLASS = YES_ERROR;
				CLANG_WARN_RANGE_LOOP_ANALYSIS = YES;
				CLANG_WARN_STRICT_PROTOTYPES = YES;
				CLANG_WARN_SUSPICIOUS_MOVE = YES;
				CLANG_WARN_UNGUARDED_AVAILABILITY = YES_AGGRESSIVE;
				CLANG_WARN_UNREACHABLE_CODE = YES;
				CLANG_WARN__DUPLICATE_METHOD_MATCH = YES;
				CODE_SIGN_IDENTITY = "Mac Developer";
				COPY_PHASE_STRIP = NO;
				DEBUG_INFORMATION_FORMAT = dwarf;
				ENABLE_STRICT_OBJC_MSGSEND = YES;
				ENABLE_TESTABILITY = YES;
				GCC_C_LANGUAGE_STANDARD = gnu11;
				GCC_DYNAMIC_NO_PIC = NO;
				GCC_NO_COMMON_BLOCKS = YES;
				GCC_OPTIMIZATION_LEVEL = 0;
				GCC_PREPROCESSOR_DEFINITIONS = (
					"DEBUG=1",
					"$(inherited)",
				);
				GCC_WARN_64_TO_32_BIT_CONVERSION = YES;
				GCC_WARN_ABOUT_RETURN_TYPE = YES_ERROR;
				GCC_WARN_UNDECLARED_SELECTOR = YES;
				GCC_WARN_UNINITIALIZED_AUTOS = YES_AGGRESSIVE;
				GCC_WARN_UNUSED_FUNCTION = YES;
				GCC_WARN_UNUSED_VARIABLE = YES;
				MACOSX_DEPLOYMENT_TARGET = 10.12;
				MTL_ENABLE_DEBUG_INFO = YES;
				ONLY_ACTIVE_ARCH = YES;
				SDKROOT = macosx;
				SWIFT_ACTIVE_COMPILATION_CONDITIONS = DEBUG;
				SWIFT_OPTIMIZATION_LEVEL = "-Onone";
			};
			name = Debug;
		};
		E6CF0E29201A27C20009A17C /* Release */ = {
			isa = XCBuildConfiguration;
			buildSettings = {
				ALWAYS_SEARCH_USER_PATHS = NO;
				CLANG_ANALYZER_NONNULL = YES;
				CLANG_ANALYZER_NUMBER_OBJECT_CONVERSION = YES_AGGRESSIVE;
				CLANG_CXX_LANGUAGE_STANDARD = "gnu++14";
				CLANG_CXX_LIBRARY = "libc++";
				CLANG_ENABLE_MODULES = YES;
				CLANG_ENABLE_OBJC_ARC = YES;
				CLANG_WARN_BLOCK_CAPTURE_AUTORELEASING = YES;
				CLANG_WARN_BOOL_CONVERSION = YES;
				CLANG_WARN_COMMA = YES;
				CLANG_WARN_CONSTANT_CONVERSION = YES;
				CLANG_WARN_DIRECT_OBJC_ISA_USAGE = YES_ERROR;
				CLANG_WARN_DOCUMENTATION_COMMENTS = YES;
				CLANG_WARN_EMPTY_BODY = YES;
				CLANG_WARN_ENUM_CONVERSION = YES;
				CLANG_WARN_INFINITE_RECURSION = YES;
				CLANG_WARN_INT_CONVERSION = YES;
				CLANG_WARN_NON_LITERAL_NULL_CONVERSION = YES;
				CLANG_WARN_OBJC_LITERAL_CONVERSION = YES;
				CLANG_WARN_OBJC_ROOT_CLASS = YES_ERROR;
				CLANG_WARN_RANGE_LOOP_ANALYSIS = YES;
				CLANG_WARN_STRICT_PROTOTYPES = YES;
				CLANG_WARN_SUSPICIOUS_MOVE = YES;
				CLANG_WARN_UNGUARDED_AVAILABILITY = YES_AGGRESSIVE;
				CLANG_WARN_UNREACHABLE_CODE = YES;
				CLANG_WARN__DUPLICATE_METHOD_MATCH = YES;
				CODE_SIGN_IDENTITY = "Mac Developer";
				COPY_PHASE_STRIP = NO;
				DEBUG_INFORMATION_FORMAT = "dwarf-with-dsym";
				ENABLE_NS_ASSERTIONS = NO;
				ENABLE_STRICT_OBJC_MSGSEND = YES;
				GCC_C_LANGUAGE_STANDARD = gnu11;
				GCC_NO_COMMON_BLOCKS = YES;
				GCC_WARN_64_TO_32_BIT_CONVERSION = YES;
				GCC_WARN_ABOUT_RETURN_TYPE = YES_ERROR;
				GCC_WARN_UNDECLARED_SELECTOR = YES;
				GCC_WARN_UNINITIALIZED_AUTOS = YES_AGGRESSIVE;
				GCC_WARN_UNUSED_FUNCTION = YES;
				GCC_WARN_UNUSED_VARIABLE = YES;
				MACOSX_DEPLOYMENT_TARGET = 10.12;
				MTL_ENABLE_DEBUG_INFO = NO;
				SDKROOT = macosx;
				SWIFT_OPTIMIZATION_LEVEL = "-Owholemodule";
			};
			name = Release;
		};
		E6CF0E2B201A27C20009A17C /* Debug */ = {
			isa = XCBuildConfiguration;
			baseConfigurationReference = B972E6E13F4A54426991312D /* Pods-blueProbe.debug.xcconfig */;
			buildSettings = {
				ASSETCATALOG_COMPILER_APPICON_NAME = AppIcon;
				CODE_SIGN_ENTITLEMENTS = blueProbe/blueProbe.entitlements;
				CODE_SIGN_STYLE = Automatic;
				COMBINE_HIDPI_IMAGES = YES;
				DEVELOPMENT_TEAM = S9HRLGS74P;
				INFOPLIST_FILE = blueProbe/Info.plist;
				LD_RUNPATH_SEARCH_PATHS = "$(inherited) @executable_path/../Frameworks";
				PRODUCT_BUNDLE_IDENTIFIER = biubiublue.blueProbe;
				PRODUCT_NAME = "$(TARGET_NAME)";
				SWIFT_VERSION = 4.0;
			};
			name = Debug;
		};
		E6CF0E2C201A27C20009A17C /* Release */ = {
			isa = XCBuildConfiguration;
			baseConfigurationReference = 347E3AB13CDE306918264F0F /* Pods-blueProbe.release.xcconfig */;
			buildSettings = {
				ASSETCATALOG_COMPILER_APPICON_NAME = AppIcon;
				CODE_SIGN_ENTITLEMENTS = blueProbe/blueProbe.entitlements;
				CODE_SIGN_STYLE = Automatic;
				COMBINE_HIDPI_IMAGES = YES;
				DEVELOPMENT_TEAM = S9HRLGS74P;
				INFOPLIST_FILE = blueProbe/Info.plist;
				LD_RUNPATH_SEARCH_PATHS = "$(inherited) @executable_path/../Frameworks";
				PRODUCT_BUNDLE_IDENTIFIER = biubiublue.blueProbe;
				PRODUCT_NAME = "$(TARGET_NAME)";
				SWIFT_VERSION = 4.0;
			};
			name = Release;
		};
/* End XCBuildConfiguration section */

/* Begin XCConfigurationList section */
		E6CF0E17201A27C20009A17C /* Build configuration list for PBXProject "blueProbe" */ = {
			isa = XCConfigurationList;
			buildConfigurations = (
				E6CF0E28201A27C20009A17C /* Debug */,
				E6CF0E29201A27C20009A17C /* Release */,
			);
			defaultConfigurationIsVisible = 0;
			defaultConfigurationName = Release;
		};
		E6CF0E2A201A27C20009A17C /* Build configuration list for PBXNativeTarget "blueProbe" */ = {
			isa = XCConfigurationList;
			buildConfigurations = (
				E6CF0E2B201A27C20009A17C /* Debug */,
				E6CF0E2C201A27C20009A17C /* Release */,
			);
			defaultConfigurationIsVisible = 0;
			defaultConfigurationName = Release;
		};
/* End XCConfigurationList section */
	};
	rootObject = E6CF0E14201A27C20009A17C /* Project object */;
}
